
Microsoft Visual Studio Solution File, Format Version 12.00
# Visual Studio Express 2012 for Windows Desktop
Project("{8BC9CEB8-8B4A-11D0-8D11-00A0C91BC942}") = "Renderer", "Renderer\Renderer.vcxproj", "{22A1B1C0-F850-4D10-883B-4851DED7902E}"
EndProject
Project("{8BC9CEB8-8B4A-11D0-8D11-00A0C91BC942}") = "Math", "Math\Math.vcxproj", "{6F3D1B23-E0D7-4DE5-979C-89C074B6EA3E}"
EndProject
Global
	GlobalSection(SolutionConfigurationPlatforms) = preSolution
		Debug|Win32 = Debug|Win32
		Release|Win32 = Release|Win32
	EndGlobalSection
	GlobalSection(ProjectConfigurationPlatforms) = postSolution
		{22A1B1C0-F850-4D10-883B-4851DED7902E}.Debug|Win32.ActiveCfg = Debug|Win32
		{22A1B1C0-F850-4D10-883B-4851DED7902E}.Debug|Win32.Build.0 = Debug|Win32
		{22A1B1C0-F850-4D10-883B-4851DED7902E}.Release|Win32.ActiveCfg = Release|Win32
		{22A1B1C0-F850-4D10-883B-4851DED7902E}.Release|Win32.Build.0 = Release|Win32
		{6F3D1B23-E0D7-4DE5-979C-89C074B6EA3E}.Debug|Win32.ActiveCfg = Debug|Win32
		{6F3D1B23-E0D7-4DE5-979C-89C074B6EA3E}.Debug|Win32.Build.0 = Debug|Win32
		{6F3D1B23-E0D7-4DE5-979C-89C074B6EA3E}.Release|Win32.ActiveCfg = Release|Win32
		{6F3D1B23-E0D7-4DE5-979C-89C074B6EA3E}.Release|Win32.Build.0 = Release|Win32
	EndGlobalSection
	GlobalSection(SolutionProperties) = preSolution
		HideSolutionNode = FALSE
	EndGlobalSection
EndGlobal
