// !$*UTF8*$!
{
	archiveVersion = 1;
	classes = {
	};
	objectVersion = 46;
	objects = {

/* Begin PBXBuildFile section */
		05EDD6E7193442E000DF46EE /* Vector.h in Headers */ = {isa = PBXBuildFile; fileRef = 05EDD6E6193442E000DF46EE /* Vector.h */; };
		05EDD6E91934461A00DF46EE /* Matrix.h in Headers */ = {isa = PBXBuildFile; fileRef = 05EDD6E81934461A00DF46EE /* Matrix.h */; };
/* End PBXBuildFile section */

/* Begin PBXFileReference section */
		05EDD6DF1934427000DF46EE /* libMath.a */ = {isa = PBXFileReference; explicitFileType = archive.ar; includeInIndex = 0; path = libMath.a; sourceTree = BUILT_PRODUCTS_DIR; };
		05EDD6E6193442E000DF46EE /* Vector.h */ = {isa = PBXFileReference; fileEncoding = 4; lastKnownFileType = sourcecode.c.h; path = Vector.h; sourceTree = "<group>"; };
		05EDD6E81934461A00DF46EE /* Matrix.h */ = {isa = PBXFileReference; fileEncoding = 4; lastKnownFileType = sourcecode.c.h; path = Matrix.h; sourceTree = "<group>"; };
/* End PBXFileReference section */

/* Begin PBXFrameworksBuildPhase section */
		05EDD6DC1934427000DF46EE /* Frameworks */ = {
			isa = PBXFrameworksBuildPhase;
			buildActionMask = 2147483647;
			files = (
			);
			runOnlyForDeploymentPostprocessing = 0;
		};
/* End PBXFrameworksBuildPhase section */

/* Begin PBXGroup section */
		05EDD6D41934427000DF46EE = {
			isa = PBXGroup;
			children = (
				05EDD6E81934461A00DF46EE /* Matrix.h */,
				05EDD6E6193442E000DF46EE /* Vector.h */,
				05EDD6E01934427000DF46EE /* Products */,
			);
			sourceTree = "<group>";
		};
		05EDD6E01934427000DF46EE /* Products */ = {
			isa = PBXGroup;
			children = (
				05EDD6DF1934427000DF46EE /* libMath.a */,
			);
			name = Products;
			sourceTree = "<group>";
		};
/* End PBXGroup section */

/* Begin PBXHeadersBuildPhase section */
		05EDD6DD1934427000DF46EE /* Headers */ = {
			isa = PBXHeadersBuildPhase;
			buildActionMask = 2147483647;
			files = (
				05EDD6E7193442E000DF46EE /* Vector.h in Headers */,
				05EDD6E91934461A00DF46EE /* Matrix.h in Headers */,
			);
			runOnlyForDeploymentPostprocessing = 0;
		};
/* End PBXHeadersBuildPhase section */

/* Begin PBXNativeTarget section */
		05EDD6DE1934427000DF46EE /* Math */ = {
			isa = PBXNativeTarget;
			buildConfigurationList = 05EDD6E31934427000DF46EE /* Build configuration list for PBXNativeTarget "Math" */;
			buildPhases = (
				05EDD6DB1934427000DF46EE /* Sources */,
				05EDD6DC1934427000DF46EE /* Frameworks */,
				05EDD6DD1934427000DF46EE /* Headers */,
			);
			buildRules = (
			);
			dependencies = (
			);
			name = Math;
			productName = Math;
			productReference = 05EDD6DF1934427000DF46EE /* libMath.a */;
			productType = "com.apple.product-type.library.static";
		};
/* End PBXNativeTarget section */

/* Begin PBXProject section */
		05EDD6D61934427000DF46EE /* Project object */ = {
			isa = PBXProject;
			attributes = {
				LastUpgradeCheck = 0420;
			};
			buildConfigurationList = 05EDD6D91934427000DF46EE /* Build configuration list for PBXProject "Math" */;
			compatibilityVersion = "Xcode 3.2";
			developmentRegion = English;
			hasScannedForEncodings = 0;
			knownRegions = (
				en,
			);
			mainGroup = 05EDD6D41934427000DF46EE;
			productRefGroup = 05EDD6E01934427000DF46EE /* Products */;
			projectDirPath = "";
			projectRoot = "";
			targets = (
				05EDD6DE1934427000DF46EE /* Math */,
			);
		};
/* End PBXProject section */

/* Begin PBXSourcesBuildPhase section */
		05EDD6DB1934427000DF46EE /* Sources */ = {
			isa = PBXSourcesBuildPhase;
			buildActionMask = 2147483647;
			files = (
			);
			runOnlyForDeploymentPostprocessing = 0;
		};
/* End PBXSourcesBuildPhase section */

/* Begin XCBuildConfiguration section */
		05EDD6E11934427000DF46EE /* Debug */ = {
			isa = XCBuildConfiguration;
			buildSettings = {
				ALWAYS_SEARCH_USER_PATHS = NO;
				ARCHS = "$(ARCHS_STANDARD_64_BIT)";
				COPY_PHASE_STRIP = NO;
				GCC_C_LANGUAGE_STANDARD = gnu99;
				GCC_DYNAMIC_NO_PIC = NO;
				GCC_ENABLE_OBJC_EXCEPTIONS = YES;
				GCC_OPTIMIZATION_LEVEL = 0;
				GCC_PREPROCESSOR_DEFINITIONS = (
					"DEBUG=1",
					"$(inherited)",
				);
				GCC_SYMBOLS_PRIVATE_EXTERN = NO;
				GCC_VERSION = com.apple.compilers.llvm.clang.1_0;
				GCC_WARN_64_TO_32_BIT_CONVERSION = YES;
				GCC_WARN_ABOUT_MISSING_PROTOTYPES = YES;
				GCC_WARN_ABOUT_RETURN_TYPE = YES;
				GCC_WARN_UNUSED_VARIABLE = YES;
				MACOSX_DEPLOYMENT_TARGET = 10.7;
				ONLY_ACTIVE_ARCH = YES;
				SDKROOT = macosx;
			};
			name = Debug;
		};
		05EDD6E21934427000DF46EE /* Release */ = {
			isa = XCBuildConfiguration;
			buildSettings = {
				ALWAYS_SEARCH_USER_PATHS = NO;
				ARCHS = "$(ARCHS_STANDARD_64_BIT)";
				COPY_PHASE_STRIP = YES;
				DEBUG_INFORMATION_FORMAT = "dwarf-with-dsym";
				GCC_C_LANGUAGE_STANDARD = gnu99;
				GCC_ENABLE_OBJC_EXCEPTIONS = YES;
				GCC_VERSION = com.apple.compilers.llvm.clang.1_0;
				GCC_WARN_64_TO_32_BIT_CONVERSION = YES;
				GCC_WARN_ABOUT_MISSING_PROTOTYPES = YES;
				GCC_WARN_ABOUT_RETURN_TYPE = YES;
				GCC_WARN_UNUSED_VARIABLE = YES;
				MACOSX_DEPLOYMENT_TARGET = 10.7;
				SDKROOT = macosx;
			};
			name = Release;
		};
		05EDD6E41934427000DF46EE /* Debug */ = {
			isa = XCBuildConfiguration;
			buildSettings = {
				EXECUTABLE_PREFIX = lib;
				PRODUCT_NAME = "$(TARGET_NAME)";
			};
			name = Debug;
		};
		05EDD6E51934427000DF46EE /* Release */ = {
			isa = XCBuildConfiguration;
			buildSettings = {
				EXECUTABLE_PREFIX = lib;
				PRODUCT_NAME = "$(TARGET_NAME)";
			};
			name = Release;
		};
/* End XCBuildConfiguration section */

/* Begin XCConfigurationList section */
		05EDD6D91934427000DF46EE /* Build configuration list for PBXProject "Math" */ = {
			isa = XCConfigurationList;
			buildConfigurations = (
				05EDD6E11934427000DF46EE /* Debug */,
				05EDD6E21934427000DF46EE /* Release */,
			);
			defaultConfigurationIsVisible = 0;
			defaultConfigurationName = Release;
		};
		05EDD6E31934427000DF46EE /* Build configuration list for PBXNativeTarget "Math" */ = {
			isa = XCConfigurationList;
			buildConfigurations = (
				05EDD6E41934427000DF46EE /* Debug */,
				05EDD6E51934427000DF46EE /* Release */,
			);
			defaultConfigurationIsVisible = 0;
		};
/* End XCConfigurationList section */
	};
	rootObject = 05EDD6D61934427000DF46EE /* Project object */;
}
