<?xml version="1.0" encoding="utf-8"?>
<Project ToolsVersion="4.0" xmlns="http://schemas.microsoft.com/developer/msbuild/2003">
  <ItemGroup>
    <ClCompile Include="Renderer.cpp" />
  </ItemGroup>
  <ItemGroup>
    <ClInclude Include="Renderer.h" />
  </ItemGroup>
  <ItemGroup>
    <None Include="Shaders\Simple.frag">
      <Filter>Shaders</Filter>
    </None>
    <None Include="Shaders\Simple.vert">
      <Filter>Shaders</Filter>
    </None>
  </ItemGroup>
  <ItemGroup>
    <Filter Include="Shaders">
      <UniqueIdentifier>{cd05ef56-9acc-42b6-936e-67a3834d2365}</UniqueIdentifier>
    </Filter>
  </ItemGroup>
</Project>